lockfileVersion: '9.0'

settings:
  autoInstallPeers: true
  excludeLinksFromLockfile: false

importers:

  .:
    dependencies:
      imd-site:
        specifier: file:../imd-site
        version: file:../imd-site

packages:

  '@imd/html@file:../../../../tmp/imd-html-website-20260828/imd-html-0.0.0.tgz':
    resolution: {integrity: sha512-1Q7+qwUSZHpq3NTf8ktrHYe1RQna5FcfMfJhI/Ks8Eal9Bv4elLdEY+lTvBoU8cG5fnp0C8RaZn468kXBWwpcA==, tarball: file:../../../../tmp/imd-html-website-20260828/imd-html-0.0.0.tgz}
    version: 0.0.0

  entities@6.0.1:
    resolution: {integrity: sha512-aN97NXWF6AWBTahfVOIrB/NShkzi5H7F9r1s9mD3cDj4Ko5f2qhhVoYMibXF7GlLveb/D2ioWay8lxI97Ven3g==}
    engines: {node: '>=0.12'}

  imd-site@file:../imd-site:
    resolution: {directory: ../imd-site, type: directory}
    engines: {node: '>=22'}
    hasBin: true

  parse5@7.3.0:
    resolution: {integrity: sha512-IInvU7fabl34qmi9gY8XOVxhYyMyuH2xUNpb2q8/Y+7552KlejkRvqvD19nMoUW/uQGGbqNpA6Tufu5FL5BZgw==}

snapshots:

  '@imd/html@file:../../../../tmp/imd-html-website-20260828/imd-html-0.0.0.tgz': {}

  entities@6.0.1: {}

  imd-site@file:../imd-site:
    dependencies:
      '@imd/html': file:../../../../tmp/imd-html-website-20260828/imd-html-0.0.0.tgz
      parse5: 7.3.0

  parse5@7.3.0:
    dependencies:
      entities: 6.0.1
